
Microsoft Visual Studio Solution File, Format Version 12.00
# Visual Studio Version 16
VisualStudioVersion = 16.0.30223.230
MinimumVisualStudioVersion = 10.0.40219.1
Project("{FAE04EC0-301F-11D3-BF4B-00C04F79EFBC}") = "backend", "backend\backend.csproj", "{B2400C0F-1F69-44AC-8283-4DF210B25067}"
EndProject
Global
	GlobalSection(SolutionConfigurationPlatforms) = preSolution
		Debug|Any CPU = Debug|Any CPU
		Release|Any CPU = Release|Any CPU
	EndGlobalSection
	GlobalSection(ProjectConfigurationPlatforms) = postSolution
		{B2400C0F-1F69-44AC-8283-4DF210B25067}.Debug|Any CPU.ActiveCfg = Debug|Any CPU
		{B2400C0F-1F69-44AC-8283-4DF210B25067}.Debug|Any CPU.Build.0 = Debug|Any CPU
		{B2400C0F-1F69-44AC-8283-4DF210B25067}.Release|Any CPU.ActiveCfg = Release|Any CPU
		{B2400C0F-1F69-44AC-8283-4DF210B25067}.Release|Any CPU.Build.0 = Release|Any CPU
	EndGlobalSection
	GlobalSection(SolutionProperties) = preSolution
		HideSolutionNode = FALSE
	EndGlobalSection
	GlobalSection(ExtensibilityGlobals) = postSolution
		SolutionGuid = {F300EA58-4915-4B43-80A5-BFB3CDB84C16}
	EndGlobalSection
EndGlobal
